
Microsoft Visual Studio Solution File, Format Version 12.00
# Visual Studio Version 17
VisualStudioVersion = 17.3.32819.101
MinimumVisualStudioVersion = 10.0.40219.1
Project("{FAE04EC0-301F-11D3-BF4B-00C04F79EFBC}") = "WebApplication1", "WebApplication1\WebApplication1.csproj", "{AF9031E1-8AD7-4D13-BE8C-23777A1C81F4}"
EndProject
Global
	GlobalSection(SolutionConfigurationPlatforms) = preSolution
		Debug|Any CPU = Debug|Any CPU
		Release|Any CPU = Release|Any CPU
	EndGlobalSection
	GlobalSection(ProjectConfigurationPlatforms) = postSolution
		{AF9031E1-8AD7-4D13-BE8C-23777A1C81F4}.Debug|Any CPU.ActiveCfg = Debug|Any CPU
		{AF9031E1-8AD7-4D13-BE8C-23777A1C81F4}.Debug|Any CPU.Build.0 = Debug|Any CPU
		{AF9031E1-8AD7-4D13-BE8C-23777A1C81F4}.Release|Any CPU.ActiveCfg = Release|Any CPU
		{AF9031E1-8AD7-4D13-BE8C-23777A1C81F4}.Release|Any CPU.Build.0 = Release|Any CPU
	EndGlobalSection
	GlobalSection(SolutionProperties) = preSolution
		HideSolutionNode = FALSE
	EndGlobalSection
	GlobalSection(ExtensibilityGlobals) = postSolution
		SolutionGuid = {FEDFACD3-8BE0-4A28-AC21-E39EE99582A6}
	EndGlobalSection
EndGlobal
